// !$*UTF8*$!
{
	archiveVersion = 1;
	classes = {
	};
	objectVersion = 56;
	objects = {

/* Begin PBXBuildFile section */
		1918CA932E4EEB6500FE3956 /* TestAssignmentApp.swift in Sources */ = {isa = PBXBuildFile; fileRef = 1918CA922E4EEB6500FE3956 /* TestAssignmentApp.swift */; };
		1918CA952E4EEB6500FE3956 /* ContentView.swift in Sources */ = {isa = PBXBuildFile; fileRef = 1918CA942E4EEB6500FE3956 /* ContentView.swift */; };
		1918CA972E4EEB6700FE3956 /* Assets.xcassets in Resources */ = {isa = PBXBuildFile; fileRef = 1918CA962E4EEB6700FE3956 /* Assets.xcassets */; };
		1918CA9A2E4EEB6700FE3956 /* Preview Assets.xcassets in Resources */ = {isa = PBXBuildFile; fileRef = 1918CA992E4EEB6700FE3956 /* Preview Assets.xcassets */; };
		1918CAA32E4EEBB700FE3956 /* ExploreModel.swift in Sources */ = {isa = PBXBuildFile; fileRef = 1918CAA22E4EEBB700FE3956 /* ExploreModel.swift */; };
		1918CAA62E4EEBE700FE3956 /* MovieObject.swift in Sources */ = {isa = PBXBuildFile; fileRef = 1918CAA52E4EEBE700FE3956 /* MovieObject.swift */; };
		1918CAA92E4EEE1200FE3956 /* Alamofire in Frameworks */ = {isa = PBXBuildFile; productRef = 1918CAA82E4EEE1200FE3956 /* Alamofire */; };
		1918CAAD2E4EEEC300FE3956 /* APIHandler.swift in Sources */ = {isa = PBXBuildFile; fileRef = 1918CAAC2E4EEEC300FE3956 /* APIHandler.swift */; };
		1918CAB02E4EEF8A00FE3956 /* APIEndpoints.swift in Sources */ = {isa = PBXBuildFile; fileRef = 1918CAAF2E4EEF8A00FE3956 /* APIEndpoints.swift */; };
		1918CAB32E4EF63F00FE3956 /* DiscoverRequest.swift in Sources */ = {isa = PBXBuildFile; fileRef = 1918CAB22E4EF63F00FE3956 /* DiscoverRequest.swift */; };
		1918CAB72E4EF81400FE3956 /* MovieRow.swift in Sources */ = {isa = PBXBuildFile; fileRef = 1918CAB62E4EF81400FE3956 /* MovieRow.swift */; };
		1918CABA2E4EF97700FE3956 /* SDWebImageSwiftUI in Frameworks */ = {isa = PBXBuildFile; productRef = 1918CAB92E4EF97700FE3956 /* SDWebImageSwiftUI */; };
		1918CABD2E4F006E00FE3956 /* Constants.swift in Sources */ = {isa = PBXBuildFile; fileRef = 1918CABC2E4F006E00FE3956 /* Constants.swift */; };
		1918CABF2E4F0F8B00FE3956 /* MovieDetailsView.swift in Sources */ = {isa = PBXBuildFile; fileRef = 1918CABE2E4F0F8B00FE3956 /* MovieDetailsView.swift */; };
/* End PBXBuildFile section */

/* Begin PBXFileReference section */
		1918CA8F2E4EEB6500FE3956 /* TestAssignment.app */ = {isa = PBXFileReference; explicitFileType = wrapper.application; includeInIndex = 0; path = TestAssignment.app; sourceTree = BUILT_PRODUCTS_DIR; };
		1918CA922E4EEB6500FE3956 /* TestAssignmentApp.swift */ = {isa = PBXFileReference; lastKnownFileType = sourcecode.swift; path = TestAssignmentApp.swift; sourceTree = "<group>"; };
		1918CA942E4EEB6500FE3956 /* ContentView.swift */ = {isa = PBXFileReference; lastKnownFileType = sourcecode.swift; path = ContentView.swift; sourceTree = "<group>"; };
		1918CA962E4EEB6700FE3956 /* Assets.xcassets */ = {isa = PBXFileReference; lastKnownFileType = folder.assetcatalog; path = Assets.xcassets; sourceTree = "<group>"; };
		1918CA992E4EEB6700FE3956 /* Preview Assets.xcassets */ = {isa = PBXFileReference; lastKnownFileType = folder.assetcatalog; path = "Preview Assets.xcassets"; sourceTree = "<group>"; };
		1918CAA22E4EEBB700FE3956 /* ExploreModel.swift */ = {isa = PBXFileReference; lastKnownFileType = sourcecode.swift; path = ExploreModel.swift; sourceTree = "<group>"; };
		1918CAA52E4EEBE700FE3956 /* MovieObject.swift */ = {isa = PBXFileReference; lastKnownFileType = sourcecode.swift; path = MovieObject.swift; sourceTree = "<group>"; };
		1918CAAB2E4EEE4A00FE3956 /* Info.plist */ = {isa = PBXFileReference; lastKnownFileType = text.plist; path = Info.plist; sourceTree = "<group>"; };
		1918CAAC2E4EEEC300FE3956 /* APIHandler.swift */ = {isa = PBXFileReference; lastKnownFileType = sourcecode.swift; path = APIHandler.swift; sourceTree = "<group>"; };
		1918CAAF2E4EEF8A00FE3956 /* APIEndpoints.swift */ = {isa = PBXFileReference; lastKnownFileType = sourcecode.swift; path = APIEndpoints.swift; sourceTree = "<group>"; };
		1918CAB22E4EF63F00FE3956 /* DiscoverRequest.swift */ = {isa = PBXFileReference; lastKnownFileType = sourcecode.swift; path = DiscoverRequest.swift; sourceTree = "<group>"; };
		1918CAB62E4EF81400FE3956 /* MovieRow.swift */ = {isa = PBXFileReference; lastKnownFileType = sourcecode.swift; path = MovieRow.swift; sourceTree = "<group>"; };
		1918CABC2E4F006E00FE3956 /* Constants.swift */ = {isa = PBXFileReference; lastKnownFileType = sourcecode.swift; path = Constants.swift; sourceTree = "<group>"; };
		1918CABE2E4F0F8B00FE3956 /* MovieDetailsView.swift */ = {isa = PBXFileReference; lastKnownFileType = sourcecode.swift; path = MovieDetailsView.swift; sourceTree = "<group>"; };
/* End PBXFileReference section */

/* Begin PBXFrameworksBuildPhase section */
		1918CA8C2E4EEB6500FE3956 /* Frameworks */ = {
			isa = PBXFrameworksBuildPhase;
			buildActionMask = 2147483647;
			files = (
				1918CABA2E4EF97700FE3956 /* SDWebImageSwiftUI in Frameworks */,
				1918CAA92E4EEE1200FE3956 /* Alamofire in Frameworks */,
			);
			runOnlyForDeploymentPostprocessing = 0;
		};
/* End PBXFrameworksBuildPhase section */

/* Begin PBXGroup section */
		1918CA862E4EEB6500FE3956 = {
			isa = PBXGroup;
			children = (
				1918CA912E4EEB6500FE3956 /* TestAssignment */,
				1918CA902E4EEB6500FE3956 /* Products */,
			);
			sourceTree = "<group>";
		};
		1918CA902E4EEB6500FE3956 /* Products */ = {
			isa = PBXGroup;
			children = (
				1918CA8F2E4EEB6500FE3956 /* TestAssignment.app */,
			);
			name = Products;
			sourceTree = "<group>";
		};
		1918CA912E4EEB6500FE3956 /* TestAssignment */ = {
			isa = PBXGroup;
			children = (
				1918CABB2E4F006300FE3956 /* Resources */,
				1918CAB42E4EF7FD00FE3956 /* UIElements */,
				1918CAAB2E4EEE4A00FE3956 /* Info.plist */,
				1918CAAE2E4EEF8000FE3956 /* Enums */,
				1918CAAA2E4EEE2F00FE3956 /* API */,
				1918CAA02E4EEB9F00FE3956 /* Explore */,
				1918CA922E4EEB6500FE3956 /* TestAssignmentApp.swift */,
				1918CA962E4EEB6700FE3956 /* Assets.xcassets */,
				1918CA982E4EEB6700FE3956 /* Preview Content */,
			);
			path = TestAssignment;
			sourceTree = "<group>";
		};
		1918CA982E4EEB6700FE3956 /* Preview Content */ = {
			isa = PBXGroup;
			children = (
				1918CA992E4EEB6700FE3956 /* Preview Assets.xcassets */,
			);
			path = "Preview Content";
			sourceTree = "<group>";
		};
		1918CAA02E4EEB9F00FE3956 /* Explore */ = {
			isa = PBXGroup;
			children = (
				1918CAA12E4EEBA800FE3956 /* Model */,
				1918CA942E4EEB6500FE3956 /* ContentView.swift */,
				1918CABE2E4F0F8B00FE3956 /* MovieDetailsView.swift */,
			);
			path = Explore;
			sourceTree = "<group>";
		};
		1918CAA12E4EEBA800FE3956 /* Model */ = {
			isa = PBXGroup;
			children = (
				1918CAA22E4EEBB700FE3956 /* ExploreModel.swift */,
			);
			path = Model;
			sourceTree = "<group>";
		};
		1918CAA42E4EEBD300FE3956 /* ResponseTypes */ = {
			isa = PBXGroup;
			children = (
				1918CAA52E4EEBE700FE3956 /* MovieObject.swift */,
			);
			path = ResponseTypes;
			sourceTree = "<group>";
		};
		1918CAAA2E4EEE2F00FE3956 /* API */ = {
			isa = PBXGroup;
			children = (
				1918CAB12E4EF63200FE3956 /* RequestTypes */,
				1918CAA42E4EEBD300FE3956 /* ResponseTypes */,
				1918CAAC2E4EEEC300FE3956 /* APIHandler.swift */,
			);
			path = API;
			sourceTree = "<group>";
		};
		1918CAAE2E4EEF8000FE3956 /* Enums */ = {
			isa = PBXGroup;
			children = (
				1918CAAF2E4EEF8A00FE3956 /* APIEndpoints.swift */,
			);
			path = Enums;
			sourceTree = "<group>";
		};
		1918CAB12E4EF63200FE3956 /* RequestTypes */ = {
			isa = PBXGroup;
			children = (
				1918CAB22E4EF63F00FE3956 /* DiscoverRequest.swift */,
			);
			path = RequestTypes;
			sourceTree = "<group>";
		};
		1918CAB42E4EF7FD00FE3956 /* UIElements */ = {
			isa = PBXGroup;
			children = (
				1918CAB52E4EF80600FE3956 /* ListRows */,
			);
			path = UIElements;
			sourceTree = "<group>";
		};
		1918CAB52E4EF80600FE3956 /* ListRows */ = {
			isa = PBXGroup;
			children = (
				1918CAB62E4EF81400FE3956 /* MovieRow.swift */,
			);
			path = ListRows;
			sourceTree = "<group>";
		};
		1918CABB2E4F006300FE3956 /* Resources */ = {
			isa = PBXGroup;
			children = (
				1918CABC2E4F006E00FE3956 /* Constants.swift */,
			);
			path = Resources;
			sourceTree = "<group>";
		};
/* End PBXGroup section */

/* Begin PBXNativeTarget section */
		1918CA8E2E4EEB6500FE3956 /* TestAssignment */ = {
			isa = PBXNativeTarget;
			buildConfigurationList = 1918CA9D2E4EEB6700FE3956 /* Build configuration list for PBXNativeTarget "TestAssignment" */;
			buildPhases = (
				1918CA8B2E4EEB6500FE3956 /* Sources */,
				1918CA8C2E4EEB6500FE3956 /* Frameworks */,
				1918CA8D2E4EEB6500FE3956 /* Resources */,
			);
			buildRules = (
			);
			dependencies = (
			);
			name = TestAssignment;
			packageProductDependencies = (
				1918CAA82E4EEE1200FE3956 /* Alamofire */,
				1918CAB92E4EF97700FE3956 /* SDWebImageSwiftUI */,
			);
			productName = TestAssignment;
			productReference = 1918CA8F2E4EEB6500FE3956 /* TestAssignment.app */;
			productType = "com.apple.product-type.application";
		};
/* End PBXNativeTarget section */

/* Begin PBXProject section */
		1918CA872E4EEB6500FE3956 /* Project object */ = {
			isa = PBXProject;
			attributes = {
				BuildIndependentTargetsInParallel = 1;
				LastSwiftUpdateCheck = 1500;
				LastUpgradeCheck = 1500;
				TargetAttributes = {
					1918CA8E2E4EEB6500FE3956 = {
						CreatedOnToolsVersion = 15.0.1;
					};
				};
			};
			buildConfigurationList = 1918CA8A2E4EEB6500FE3956 /* Build configuration list for PBXProject "TestAssignment" */;
			compatibilityVersion = "Xcode 14.0";
			developmentRegion = en;
			hasScannedForEncodings = 0;
			knownRegions = (
				en,
				Base,
			);
			mainGroup = 1918CA862E4EEB6500FE3956;
			packageReferences = (
				1918CAA72E4EEE1200FE3956 /* XCRemoteSwiftPackageReference "Alamofire" */,
				1918CAB82E4EF97700FE3956 /* XCRemoteSwiftPackageReference "SDWebImageSwiftUI" */,
			);
			productRefGroup = 1918CA902E4EEB6500FE3956 /* Products */;
			projectDirPath = "";
			projectRoot = "";
			targets = (
				1918CA8E2E4EEB6500FE3956 /* TestAssignment */,
			);
		};
/* End PBXProject section */

/* Begin PBXResourcesBuildPhase section */
		1918CA8D2E4EEB6500FE3956 /* Resources */ = {
			isa = PBXResourcesBuildPhase;
			buildActionMask = 2147483647;
			files = (
				1918CA9A2E4EEB6700FE3956 /* Preview Assets.xcassets in Resources */,
				1918CA972E4EEB6700FE3956 /* Assets.xcassets in Resources */,
			);
			runOnlyForDeploymentPostprocessing = 0;
		};
/* End PBXResourcesBuildPhase section */

/* Begin PBXSourcesBuildPhase section */
		1918CA8B2E4EEB6500FE3956 /* Sources */ = {
			isa = PBXSourcesBuildPhase;
			buildActionMask = 2147483647;
			files = (
				1918CA952E4EEB6500FE3956 /* ContentView.swift in Sources */,
				1918CAB72E4EF81400FE3956 /* MovieRow.swift in Sources */,
				1918CAA32E4EEBB700FE3956 /* ExploreModel.swift in Sources */,
				1918CAAD2E4EEEC300FE3956 /* APIHandler.swift in Sources */,
				1918CABF2E4F0F8B00FE3956 /* MovieDetailsView.swift in Sources */,
				1918CAB02E4EEF8A00FE3956 /* APIEndpoints.swift in Sources */,
				1918CA932E4EEB6500FE3956 /* TestAssignmentApp.swift in Sources */,
				1918CAA62E4EEBE700FE3956 /* MovieObject.swift in Sources */,
				1918CAB32E4EF63F00FE3956 /* DiscoverRequest.swift in Sources */,
				1918CABD2E4F006E00FE3956 /* Constants.swift in Sources */,
			);
			runOnlyForDeploymentPostprocessing = 0;
		};
/* End PBXSourcesBuildPhase section */

/* Begin XCBuildConfiguration section */
		1918CA9B2E4EEB6700FE3956 /* Debug */ = {
			isa = XCBuildConfiguration;
			buildSettings = {
				ALWAYS_SEARCH_USER_PATHS = NO;
				ASSETCATALOG_COMPILER_GENERATE_SWIFT_ASSET_SYMBOL_EXTENSIONS = YES;
				CLANG_ANALYZER_NONNULL = YES;
				CLANG_ANALYZER_NUMBER_OBJECT_CONVERSION = YES_AGGRESSIVE;
				CLANG_CXX_LANGUAGE_STANDARD = "gnu++20";
				CLANG_ENABLE_MODULES = YES;
				CLANG_ENABLE_OBJC_ARC = YES;
				CLANG_ENABLE_OBJC_WEAK = YES;
				CLANG_WARN_BLOCK_CAPTURE_AUTORELEASING = YES;
				CLANG_WARN_BOOL_CONVERSION = YES;
				CLANG_WARN_COMMA = YES;
				CLANG_WARN_CONSTANT_CONVERSION = YES;
				CLANG_WARN_DEPRECATED_OBJC_IMPLEMENTATIONS = YES;
				CLANG_WARN_DIRECT_OBJC_ISA_USAGE = YES_ERROR;
				CLANG_WARN_DOCUMENTATION_COMMENTS = YES;
				CLANG_WARN_EMPTY_BODY = YES;
				CLANG_WARN_ENUM_CONVERSION = YES;
				CLANG_WARN_INFINITE_RECURSION = YES;
				CLANG_WARN_INT_CONVERSION = YES;
				CLANG_WARN_NON_LITERAL_NULL_CONVERSION = YES;
				CLANG_WARN_OBJC_IMPLICIT_RETAIN_SELF = YES;
				CLANG_WARN_OBJC_LITERAL_CONVERSION = YES;
				CLANG_WARN_OBJC_ROOT_CLASS = YES_ERROR;
				CLANG_WARN_QUOTED_INCLUDE_IN_FRAMEWORK_HEADER = YES;
				CLANG_WARN_RANGE_LOOP_ANALYSIS = YES;
				CLANG_WARN_STRICT_PROTOTYPES = YES;
				CLANG_WARN_SUSPICIOUS_MOVE = YES;
				CLANG_WARN_UNGUARDED_AVAILABILITY = YES_AGGRESSIVE;
				CLANG_WARN_UNREACHABLE_CODE = YES;
				CLANG_WARN__DUPLICATE_METHOD_MATCH = YES;
				COPY_PHASE_STRIP = NO;
				DEBUG_INFORMATION_FORMAT = dwarf;
				ENABLE_STRICT_OBJC_MSGSEND = YES;
				ENABLE_TESTABILITY = YES;
				ENABLE_USER_SCRIPT_SANDBOXING = YES;
				GCC_C_LANGUAGE_STANDARD = gnu17;
				GCC_DYNAMIC_NO_PIC = NO;
				GCC_NO_COMMON_BLOCKS = YES;
				GCC_OPTIMIZATION_LEVEL = 0;
				GCC_PREPROCESSOR_DEFINITIONS = (
					"DEBUG=1",
					"$(inherited)",
				);
				GCC_WARN_64_TO_32_BIT_CONVERSION = YES;
				GCC_WARN_ABOUT_RETURN_TYPE = YES_ERROR;
				GCC_WARN_UNDECLARED_SELECTOR = YES;
				GCC_WARN_UNINITIALIZED_AUTOS = YES_AGGRESSIVE;
				GCC_WARN_UNUSED_FUNCTION = YES;
				GCC_WARN_UNUSED_VARIABLE = YES;
				IPHONEOS_DEPLOYMENT_TARGET = 17.0;
				LOCALIZATION_PREFERS_STRING_CATALOGS = YES;
				MTL_ENABLE_DEBUG_INFO = INCLUDE_SOURCE;
				MTL_FAST_MATH = YES;
				ONLY_ACTIVE_ARCH = YES;
				SDKROOT = iphoneos;
				SWIFT_ACTIVE_COMPILATION_CONDITIONS = "DEBUG $(inherited)";
				SWIFT_OPTIMIZATION_LEVEL = "-Onone";
			};
			name = Debug;
		};
		1918CA9C2E4EEB6700FE3956 /* Release */ = {
			isa = XCBuildConfiguration;
			buildSettings = {
				ALWAYS_SEARCH_USER_PATHS = NO;
				ASSETCATALOG_COMPILER_GENERATE_SWIFT_ASSET_SYMBOL_EXTENSIONS = YES;
				CLANG_ANALYZER_NONNULL = YES;
				CLANG_ANALYZER_NUMBER_OBJECT_CONVERSION = YES_AGGRESSIVE;
				CLANG_CXX_LANGUAGE_STANDARD = "gnu++20";
				CLANG_ENABLE_MODULES = YES;
				CLANG_ENABLE_OBJC_ARC = YES;
				CLANG_ENABLE_OBJC_WEAK = YES;
				CLANG_WARN_BLOCK_CAPTURE_AUTORELEASING = YES;
				CLANG_WARN_BOOL_CONVERSION = YES;
				CLANG_WARN_COMMA = YES;
				CLANG_WARN_CONSTANT_CONVERSION = YES;
				CLANG_WARN_DEPRECATED_OBJC_IMPLEMENTATIONS = YES;
				CLANG_WARN_DIRECT_OBJC_ISA_USAGE = YES_ERROR;
				CLANG_WARN_DOCUMENTATION_COMMENTS = YES;
				CLANG_WARN_EMPTY_BODY = YES;
				CLANG_WARN_ENUM_CONVERSION = YES;
				CLANG_WARN_INFINITE_RECURSION = YES;
				CLANG_WARN_INT_CONVERSION = YES;
				CLANG_WARN_NON_LITERAL_NULL_CONVERSION = YES;
				CLANG_WARN_OBJC_IMPLICIT_RETAIN_SELF = YES;
				CLANG_WARN_OBJC_LITERAL_CONVERSION = YES;
				CLANG_WARN_OBJC_ROOT_CLASS = YES_ERROR;
				CLANG_WARN_QUOTED_INCLUDE_IN_FRAMEWORK_HEADER = YES;
				CLANG_WARN_RANGE_LOOP_ANALYSIS = YES;
				CLANG_WARN_STRICT_PROTOTYPES = YES;
				CLANG_WARN_SUSPICIOUS_MOVE = YES;
				CLANG_WARN_UNGUARDED_AVAILABILITY = YES_AGGRESSIVE;
				CLANG_WARN_UNREACHABLE_CODE = YES;
				CLANG_WARN__DUPLICATE_METHOD_MATCH = YES;
				COPY_PHASE_STRIP = NO;
				DEBUG_INFORMATION_FORMAT = "dwarf-with-dsym";
				ENABLE_NS_ASSERTIONS = NO;
				ENABLE_STRICT_OBJC_MSGSEND = YES;
				ENABLE_USER_SCRIPT_SANDBOXING = YES;
				GCC_C_LANGUAGE_STANDARD = gnu17;
				GCC_NO_COMMON_BLOCKS = YES;
				GCC_WARN_64_TO_32_BIT_CONVERSION = YES;
				GCC_WARN_ABOUT_RETURN_TYPE = YES_ERROR;
				GCC_WARN_UNDECLARED_SELECTOR = YES;
				GCC_WARN_UNINITIALIZED_AUTOS = YES_AGGRESSIVE;
				GCC_WARN_UNUSED_FUNCTION = YES;
				GCC_WARN_UNUSED_VARIABLE = YES;
				IPHONEOS_DEPLOYMENT_TARGET = 17.0;
				LOCALIZATION_PREFERS_STRING_CATALOGS = YES;
				MTL_ENABLE_DEBUG_INFO = NO;
				MTL_FAST_MATH = YES;
				SDKROOT = iphoneos;
				SWIFT_COMPILATION_MODE = wholemodule;
				VALIDATE_PRODUCT = YES;
			};
			name = Release;
		};
		1918CA9E2E4EEB6700FE3956 /* Debug */ = {
			isa = XCBuildConfiguration;
			buildSettings = {
				ASSETCATALOG_COMPILER_APPICON_NAME = AppIcon;
				ASSETCATALOG_COMPILER_GLOBAL_ACCENT_COLOR_NAME = AccentColor;
				CODE_SIGN_STYLE = Automatic;
				CURRENT_PROJECT_VERSION = 1;
				DEVELOPMENT_ASSET_PATHS = "\"TestAssignment/Preview Content\"";
				DEVELOPMENT_TEAM = 36M6V853R2;
				ENABLE_PREVIEWS = YES;
				GENERATE_INFOPLIST_FILE = YES;
				INFOPLIST_FILE = TestAssignment/Info.plist;
				INFOPLIST_KEY_UIApplicationSceneManifest_Generation = YES;
				INFOPLIST_KEY_UIApplicationSupportsIndirectInputEvents = YES;
				INFOPLIST_KEY_UILaunchScreen_Generation = YES;
				INFOPLIST_KEY_UISupportedInterfaceOrientations_iPad = "UIInterfaceOrientationPortrait UIInterfaceOrientationPortraitUpsideDown UIInterfaceOrientationLandscapeLeft UIInterfaceOrientationLandscapeRight";
				INFOPLIST_KEY_UISupportedInterfaceOrientations_iPhone = "UIInterfaceOrientationPortrait UIInterfaceOrientationLandscapeLeft UIInterfaceOrientationLandscapeRight";
				LD_RUNPATH_SEARCH_PATHS = (
					"$(inherited)",
					"@executable_path/Frameworks",
				);
				MARKETING_VERSION = 1.0;
				PRODUCT_BUNDLE_IDENTIFIER = Himanshu.TestAssignment;
				PRODUCT_NAME = "$(TARGET_NAME)";
				SWIFT_EMIT_LOC_STRINGS = YES;
				SWIFT_VERSION = 5.0;
				TARGETED_DEVICE_FAMILY = "1,2";
			};
			name = Debug;
		};
		1918CA9F2E4EEB6700FE3956 /* Release */ = {
			isa = XCBuildConfiguration;
			buildSettings = {
				ASSETCATALOG_COMPILER_APPICON_NAME = AppIcon;
				ASSETCATALOG_COMPILER_GLOBAL_ACCENT_COLOR_NAME = AccentColor;
				CODE_SIGN_STYLE = Automatic;
				CURRENT_PROJECT_VERSION = 1;
				DEVELOPMENT_ASSET_PATHS = "\"TestAssignment/Preview Content\"";
				DEVELOPMENT_TEAM = 36M6V853R2;
				ENABLE_PREVIEWS = YES;
				GENERATE_INFOPLIST_FILE = YES;
				INFOPLIST_FILE = TestAssignment/Info.plist;
				INFOPLIST_KEY_UIApplicationSceneManifest_Generation = YES;
				INFOPLIST_KEY_UIApplicationSupportsIndirectInputEvents = YES;
				INFOPLIST_KEY_UILaunchScreen_Generation = YES;
				INFOPLIST_KEY_UISupportedInterfaceOrientations_iPad = "UIInterfaceOrientationPortrait UIInterfaceOrientationPortraitUpsideDown UIInterfaceOrientationLandscapeLeft UIInterfaceOrientationLandscapeRight";
				INFOPLIST_KEY_UISupportedInterfaceOrientations_iPhone = "UIInterfaceOrientationPortrait UIInterfaceOrientationLandscapeLeft UIInterfaceOrientationLandscapeRight";
				LD_RUNPATH_SEARCH_PATHS = (
					"$(inherited)",
					"@executable_path/Frameworks",
				);
				MARKETING_VERSION = 1.0;
				PRODUCT_BUNDLE_IDENTIFIER = Himanshu.TestAssignment;
				PRODUCT_NAME = "$(TARGET_NAME)";
				SWIFT_EMIT_LOC_STRINGS = YES;
				SWIFT_VERSION = 5.0;
				TARGETED_DEVICE_FAMILY = "1,2";
			};
			name = Release;
		};
/* End XCBuildConfiguration section */

/* Begin XCConfigurationList section */
		1918CA8A2E4EEB6500FE3956 /* Build configuration list for PBXProject "TestAssignment" */ = {
			isa = XCConfigurationList;
			buildConfigurations = (
				1918CA9B2E4EEB6700FE3956 /* Debug */,
				1918CA9C2E4EEB6700FE3956 /* Release */,
			);
			defaultConfigurationIsVisible = 0;
			defaultConfigurationName = Release;
		};
		1918CA9D2E4EEB6700FE3956 /* Build configuration list for PBXNativeTarget "TestAssignment" */ = {
			isa = XCConfigurationList;
			buildConfigurations = (
				1918CA9E2E4EEB6700FE3956 /* Debug */,
				1918CA9F2E4EEB6700FE3956 /* Release */,
			);
			defaultConfigurationIsVisible = 0;
			defaultConfigurationName = Release;
		};
/* End XCConfigurationList section */

/* Begin XCRemoteSwiftPackageReference section */
		1918CAA72E4EEE1200FE3956 /* XCRemoteSwiftPackageReference "Alamofire" */ = {
			isa = XCRemoteSwiftPackageReference;
			repositoryURL = "https://github.com/Alamofire/Alamofire.git";
			requirement = {
				kind = upToNextMajorVersion;
				minimumVersion = 5.10.2;
			};
		};
		1918CAB82E4EF97700FE3956 /* XCRemoteSwiftPackageReference "SDWebImageSwiftUI" */ = {
			isa = XCRemoteSwiftPackageReference;
			repositoryURL = "https://github.com/SDWebImage/SDWebImageSwiftUI";
			requirement = {
				kind = upToNextMajorVersion;
				minimumVersion = 3.1.3;
			};
		};
/* End XCRemoteSwiftPackageReference section */

/* Begin XCSwiftPackageProductDependency section */
		1918CAA82E4EEE1200FE3956 /* Alamofire */ = {
			isa = XCSwiftPackageProductDependency;
			package = 1918CAA72E4EEE1200FE3956 /* XCRemoteSwiftPackageReference "Alamofire" */;
			productName = Alamofire;
		};
		1918CAB92E4EF97700FE3956 /* SDWebImageSwiftUI */ = {
			isa = XCSwiftPackageProductDependency;
			package = 1918CAB82E4EF97700FE3956 /* XCRemoteSwiftPackageReference "SDWebImageSwiftUI" */;
			productName = SDWebImageSwiftUI;
		};
/* End XCSwiftPackageProductDependency section */
	};
	rootObject = 1918CA872E4EEB6500FE3956 /* Project object */;
}
